
Microsoft Visual Studio Solution File, Format Version 12.00
# Visual Studio Version 16
VisualStudioVersion = 25.0.1700.7
MinimumVisualStudioVersion = 10.0.40219.1
Project("{FAE04EC0-301F-11D3-BF4B-00C04F79EFBC}") = "ByBit", "ByBit\ByBit.csproj", "{783E9FF0-D23D-4129-8224-689B9538B4C1}"
EndProject
Project("{FAE04EC0-301F-11D3-BF4B-00C04F79EFBC}") = "Crypto", "Crypto\Crypto.csproj", "{3103D360-9AF3-47CC-8FCB-30926C64B6BD}"
EndProject
Project("{FAE04EC0-301F-11D3-BF4B-00C04F79EFBC}") = "Common", "Common\Common.csproj", "{C62EDFB4-30A6-4D52-949A-13A585B4404D}"
EndProject
Global
	GlobalSection(SolutionConfigurationPlatforms) = preSolution
		Debug|Any CPU = Debug|Any CPU
		Release|Any CPU = Release|Any CPU
	EndGlobalSection
	GlobalSection(ProjectConfigurationPlatforms) = postSolution
		{783E9FF0-D23D-4129-8224-689B9538B4C1}.Debug|Any CPU.ActiveCfg = Debug|Any CPU
		{783E9FF0-D23D-4129-8224-689B9538B4C1}.Debug|Any CPU.Build.0 = Debug|Any CPU
		{783E9FF0-D23D-4129-8224-689B9538B4C1}.Release|Any CPU.ActiveCfg = Release|Any CPU
		{783E9FF0-D23D-4129-8224-689B9538B4C1}.Release|Any CPU.Build.0 = Release|Any CPU
		{3103D360-9AF3-47CC-8FCB-30926C64B6BD}.Debug|Any CPU.ActiveCfg = Debug|Any CPU
		{3103D360-9AF3-47CC-8FCB-30926C64B6BD}.Debug|Any CPU.Build.0 = Debug|Any CPU
		{3103D360-9AF3-47CC-8FCB-30926C64B6BD}.Release|Any CPU.ActiveCfg = Release|Any CPU
		{3103D360-9AF3-47CC-8FCB-30926C64B6BD}.Release|Any CPU.Build.0 = Release|Any CPU
		{C62EDFB4-30A6-4D52-949A-13A585B4404D}.Debug|Any CPU.ActiveCfg = Debug|Any CPU
		{C62EDFB4-30A6-4D52-949A-13A585B4404D}.Debug|Any CPU.Build.0 = Debug|Any CPU
		{C62EDFB4-30A6-4D52-949A-13A585B4404D}.Release|Any CPU.ActiveCfg = Release|Any CPU
		{C62EDFB4-30A6-4D52-949A-13A585B4404D}.Release|Any CPU.Build.0 = Release|Any CPU
	EndGlobalSection
	GlobalSection(SolutionProperties) = preSolution
		HideSolutionNode = FALSE
	EndGlobalSection
	GlobalSection(ExtensibilityGlobals) = postSolution
		SolutionGuid = {A4F50E26-FB95-432D-989F-358D0B54C521}
	EndGlobalSection
EndGlobal
